
Microsoft Visual Studio Solution File, Format Version 12.00
# Visual Studio Version 16
VisualStudioVersion = 16.0.33927.289
MinimumVisualStudioVersion = 10.0.40219.1
Project("{FAE04EC0-301F-11D3-BF4B-00C04F79EFBC}") = "ado", "ado\ado.csproj", "{DECD42E2-9572-4676-AF9B-B47288103A35}"
EndProject
Global
	GlobalSection(SolutionConfigurationPlatforms) = preSolution
		Debug|Any CPU = Debug|Any CPU
		Release|Any CPU = Release|Any CPU
	EndGlobalSection
	GlobalSection(ProjectConfigurationPlatforms) = postSolution
		{DECD42E2-9572-4676-AF9B-B47288103A35}.Debug|Any CPU.ActiveCfg = Debug|Any CPU
		{DECD42E2-9572-4676-AF9B-B47288103A35}.Debug|Any CPU.Build.0 = Debug|Any CPU
		{DECD42E2-9572-4676-AF9B-B47288103A35}.Release|Any CPU.ActiveCfg = Release|Any CPU
		{DECD42E2-9572-4676-AF9B-B47288103A35}.Release|Any CPU.Build.0 = Release|Any CPU
	EndGlobalSection
	GlobalSection(SolutionProperties) = preSolution
		HideSolutionNode = FALSE
	EndGlobalSection
	GlobalSection(ExtensibilityGlobals) = postSolution
		SolutionGuid = {844A0C0B-7B15-4A4B-83F4-11A86DD0C45C}
	EndGlobalSection
EndGlobal
