
Microsoft Visual Studio Solution File, Format Version 12.00
# Visual Studio Version 16
VisualStudioVersion = 16.0.33927.289
MinimumVisualStudioVersion = 10.0.40219.1
Project("{FAE04EC0-301F-11D3-BF4B-00C04F79EFBC}") = "tcpserver", "assignment_7\tcpserver.csproj", "{C3FA67D1-C61E-4643-929B-BBE63102D6FE}"
EndProject
Global
	GlobalSection(SolutionConfigurationPlatforms) = preSolution
		Debug|Any CPU = Debug|Any CPU
		Release|Any CPU = Release|Any CPU
	EndGlobalSection
	GlobalSection(ProjectConfigurationPlatforms) = postSolution
		{C3FA67D1-C61E-4643-929B-BBE63102D6FE}.Debug|Any CPU.ActiveCfg = Debug|Any CPU
		{C3FA67D1-C61E-4643-929B-BBE63102D6FE}.Debug|Any CPU.Build.0 = Debug|Any CPU
		{C3FA67D1-C61E-4643-929B-BBE63102D6FE}.Release|Any CPU.ActiveCfg = Release|Any CPU
		{C3FA67D1-C61E-4643-929B-BBE63102D6FE}.Release|Any CPU.Build.0 = Release|Any CPU
	EndGlobalSection
	GlobalSection(SolutionProperties) = preSolution
		HideSolutionNode = FALSE
	EndGlobalSection
	GlobalSection(ExtensibilityGlobals) = postSolution
		SolutionGuid = {6E067E8D-E933-443A-84E6-C22DCF1C4A4A}
	EndGlobalSection
EndGlobal
