
Microsoft Visual Studio Solution File, Format Version 12.00
# Visual Studio Version 16
VisualStudioVersion = 16.0.33927.289
MinimumVisualStudioVersion = 10.0.40219.1
Project("{FAE04EC0-301F-11D3-BF4B-00C04F79EFBC}") = "stringupper", "stringupper\stringupper.csproj", "{F33893A4-5C08-40CF-B863-F7087366DDD9}"
EndProject
Project("{FAE04EC0-301F-11D3-BF4B-00C04F79EFBC}") = "noofoccurrence", "noofoccurrence\noofoccurrence.csproj", "{6B096A4E-555B-4C84-B723-28D92424411B}"
EndProject
Project("{FAE04EC0-301F-11D3-BF4B-00C04F79EFBC}") = "sale", "sale\sale.csproj", "{961AE4D0-B050-48F9-9FD1-D4C7D6B51B51}"
EndProject
Project("{FAE04EC0-301F-11D3-BF4B-00C04F79EFBC}") = "customer", "customer\customer.csproj", "{63219F17-57B4-40D1-A145-65D08488AF5F}"
EndProject
Global
	GlobalSection(SolutionConfigurationPlatforms) = preSolution
		Debug|Any CPU = Debug|Any CPU
		Release|Any CPU = Release|Any CPU
	EndGlobalSection
	GlobalSection(ProjectConfigurationPlatforms) = postSolution
		{F33893A4-5C08-40CF-B863-F7087366DDD9}.Debug|Any CPU.ActiveCfg = Debug|Any CPU
		{F33893A4-5C08-40CF-B863-F7087366DDD9}.Debug|Any CPU.Build.0 = Debug|Any CPU
		{F33893A4-5C08-40CF-B863-F7087366DDD9}.Release|Any CPU.ActiveCfg = Release|Any CPU
		{F33893A4-5C08-40CF-B863-F7087366DDD9}.Release|Any CPU.Build.0 = Release|Any CPU
		{6B096A4E-555B-4C84-B723-28D92424411B}.Debug|Any CPU.ActiveCfg = Debug|Any CPU
		{6B096A4E-555B-4C84-B723-28D92424411B}.Debug|Any CPU.Build.0 = Debug|Any CPU
		{6B096A4E-555B-4C84-B723-28D92424411B}.Release|Any CPU.ActiveCfg = Release|Any CPU
		{6B096A4E-555B-4C84-B723-28D92424411B}.Release|Any CPU.Build.0 = Release|Any CPU
		{961AE4D0-B050-48F9-9FD1-D4C7D6B51B51}.Debug|Any CPU.ActiveCfg = Debug|Any CPU
		{961AE4D0-B050-48F9-9FD1-D4C7D6B51B51}.Debug|Any CPU.Build.0 = Debug|Any CPU
		{961AE4D0-B050-48F9-9FD1-D4C7D6B51B51}.Release|Any CPU.ActiveCfg = Release|Any CPU
		{961AE4D0-B050-48F9-9FD1-D4C7D6B51B51}.Release|Any CPU.Build.0 = Release|Any CPU
		{63219F17-57B4-40D1-A145-65D08488AF5F}.Debug|Any CPU.ActiveCfg = Debug|Any CPU
		{63219F17-57B4-40D1-A145-65D08488AF5F}.Debug|Any CPU.Build.0 = Debug|Any CPU
		{63219F17-57B4-40D1-A145-65D08488AF5F}.Release|Any CPU.ActiveCfg = Release|Any CPU
		{63219F17-57B4-40D1-A145-65D08488AF5F}.Release|Any CPU.Build.0 = Release|Any CPU
	EndGlobalSection
	GlobalSection(SolutionProperties) = preSolution
		HideSolutionNode = FALSE
	EndGlobalSection
	GlobalSection(ExtensibilityGlobals) = postSolution
		SolutionGuid = {765BF9E4-05A2-426F-9894-CBA52DEF11DA}
	EndGlobalSection
EndGlobal
