
Microsoft Visual Studio Solution File, Format Version 12.00
# Visual Studio Version 16
VisualStudioVersion = 16.0.33927.289
MinimumVisualStudioVersion = 10.0.40219.1
Project("{FAE04EC0-301F-11D3-BF4B-00C04F79EFBC}") = "adodotnet", "adodotnet\adodotnet.csproj", "{4BA138C0-695B-49EE-B808-24BEFBDFEA3A}"
EndProject
Global
	GlobalSection(SolutionConfigurationPlatforms) = preSolution
		Debug|Any CPU = Debug|Any CPU
		Release|Any CPU = Release|Any CPU
	EndGlobalSection
	GlobalSection(ProjectConfigurationPlatforms) = postSolution
		{4BA138C0-695B-49EE-B808-24BEFBDFEA3A}.Debug|Any CPU.ActiveCfg = Debug|Any CPU
		{4BA138C0-695B-49EE-B808-24BEFBDFEA3A}.Debug|Any CPU.Build.0 = Debug|Any CPU
		{4BA138C0-695B-49EE-B808-24BEFBDFEA3A}.Release|Any CPU.ActiveCfg = Release|Any CPU
		{4BA138C0-695B-49EE-B808-24BEFBDFEA3A}.Release|Any CPU.Build.0 = Release|Any CPU
	EndGlobalSection
	GlobalSection(SolutionProperties) = preSolution
		HideSolutionNode = FALSE
	EndGlobalSection
	GlobalSection(ExtensibilityGlobals) = postSolution
		SolutionGuid = {50E3A1CE-F8B7-4A85-90E9-FEB4444C67D5}
	EndGlobalSection
EndGlobal
