
Microsoft Visual Studio Solution File, Format Version 12.00
# Visual Studio Version 16
VisualStudioVersion = 16.0.33927.289
MinimumVisualStudioVersion = 10.0.40219.1
Project("{FAE04EC0-301F-11D3-BF4B-00C04F79EFBC}") = "code_Based_test_web_technology", "code_Based_test_web_technology\code_Based_test_web_technology.csproj", "{63787BD0-1D1D-428C-BD95-8FDF57DF34FF}"
EndProject
Global
	GlobalSection(SolutionConfigurationPlatforms) = preSolution
		Debug|Any CPU = Debug|Any CPU
		Release|Any CPU = Release|Any CPU
	EndGlobalSection
	GlobalSection(ProjectConfigurationPlatforms) = postSolution
		{63787BD0-1D1D-428C-BD95-8FDF57DF34FF}.Debug|Any CPU.ActiveCfg = Debug|Any CPU
		{63787BD0-1D1D-428C-BD95-8FDF57DF34FF}.Debug|Any CPU.Build.0 = Debug|Any CPU
		{63787BD0-1D1D-428C-BD95-8FDF57DF34FF}.Release|Any CPU.ActiveCfg = Release|Any CPU
		{63787BD0-1D1D-428C-BD95-8FDF57DF34FF}.Release|Any CPU.Build.0 = Release|Any CPU
	EndGlobalSection
	GlobalSection(SolutionProperties) = preSolution
		HideSolutionNode = FALSE
	EndGlobalSection
	GlobalSection(ExtensibilityGlobals) = postSolution
		SolutionGuid = {12B55249-0EDF-46DD-8E6B-6A6E7C7A5083}
	EndGlobalSection
EndGlobal
