
Microsoft Visual Studio Solution File, Format Version 12.00
# Visual Studio Version 16
VisualStudioVersion = 16.0.33927.289
MinimumVisualStudioVersion = 10.0.40219.1
Project("{FAE04EC0-301F-11D3-BF4B-00C04F79EFBC}") = "defaultwebapp", "defaultwebapp\defaultwebapp.csproj", "{2979654E-3E26-4324-93E9-DC2341F0B55B}"
EndProject
Global
	GlobalSection(SolutionConfigurationPlatforms) = preSolution
		Debug|Any CPU = Debug|Any CPU
		Release|Any CPU = Release|Any CPU
	EndGlobalSection
	GlobalSection(ProjectConfigurationPlatforms) = postSolution
		{2979654E-3E26-4324-93E9-DC2341F0B55B}.Debug|Any CPU.ActiveCfg = Debug|Any CPU
		{2979654E-3E26-4324-93E9-DC2341F0B55B}.Debug|Any CPU.Build.0 = Debug|Any CPU
		{2979654E-3E26-4324-93E9-DC2341F0B55B}.Release|Any CPU.ActiveCfg = Release|Any CPU
		{2979654E-3E26-4324-93E9-DC2341F0B55B}.Release|Any CPU.Build.0 = Release|Any CPU
	EndGlobalSection
	GlobalSection(SolutionProperties) = preSolution
		HideSolutionNode = FALSE
	EndGlobalSection
	GlobalSection(ExtensibilityGlobals) = postSolution
		SolutionGuid = {7711AFFB-7C27-426C-BFF7-CA3BA4A4348D}
	EndGlobalSection
EndGlobal
