
Microsoft Visual Studio Solution File, Format Version 12.00
# Visual Studio Version 16
VisualStudioVersion = 16.0.33927.289
MinimumVisualStudioVersion = 10.0.40219.1
Project("{FAE04EC0-301F-11D3-BF4B-00C04F79EFBC}") = "fileandtext", "fileandtext\fileandtext.csproj", "{4A9EBF5D-3A03-4AAE-B040-45AD1B1CA7CB}"
EndProject
Global
	GlobalSection(SolutionConfigurationPlatforms) = preSolution
		Debug|Any CPU = Debug|Any CPU
		Release|Any CPU = Release|Any CPU
	EndGlobalSection
	GlobalSection(ProjectConfigurationPlatforms) = postSolution
		{4A9EBF5D-3A03-4AAE-B040-45AD1B1CA7CB}.Debug|Any CPU.ActiveCfg = Debug|Any CPU
		{4A9EBF5D-3A03-4AAE-B040-45AD1B1CA7CB}.Debug|Any CPU.Build.0 = Debug|Any CPU
		{4A9EBF5D-3A03-4AAE-B040-45AD1B1CA7CB}.Release|Any CPU.ActiveCfg = Release|Any CPU
		{4A9EBF5D-3A03-4AAE-B040-45AD1B1CA7CB}.Release|Any CPU.Build.0 = Release|Any CPU
	EndGlobalSection
	GlobalSection(SolutionProperties) = preSolution
		HideSolutionNode = FALSE
	EndGlobalSection
	GlobalSection(ExtensibilityGlobals) = postSolution
		SolutionGuid = {A5082256-CB27-457F-9B3F-641B0D0EEF60}
	EndGlobalSection
EndGlobal
