
Microsoft Visual Studio Solution File, Format Version 12.00
# Visual Studio Version 16
VisualStudioVersion = 16.0.33927.289
MinimumVisualStudioVersion = 10.0.40219.1
Project("{FAE04EC0-301F-11D3-BF4B-00C04F79EFBC}") = "casestudy3", "casestudy3\casestudy3.csproj", "{9048F0E7-D6C3-470A-8AC7-D4F65B5E15BE}"
EndProject
Global
	GlobalSection(SolutionConfigurationPlatforms) = preSolution
		Debug|Any CPU = Debug|Any CPU
		Release|Any CPU = Release|Any CPU
	EndGlobalSection
	GlobalSection(ProjectConfigurationPlatforms) = postSolution
		{9048F0E7-D6C3-470A-8AC7-D4F65B5E15BE}.Debug|Any CPU.ActiveCfg = Debug|Any CPU
		{9048F0E7-D6C3-470A-8AC7-D4F65B5E15BE}.Debug|Any CPU.Build.0 = Debug|Any CPU
		{9048F0E7-D6C3-470A-8AC7-D4F65B5E15BE}.Release|Any CPU.ActiveCfg = Release|Any CPU
		{9048F0E7-D6C3-470A-8AC7-D4F65B5E15BE}.Release|Any CPU.Build.0 = Release|Any CPU
	EndGlobalSection
	GlobalSection(SolutionProperties) = preSolution
		HideSolutionNode = FALSE
	EndGlobalSection
	GlobalSection(ExtensibilityGlobals) = postSolution
		SolutionGuid = {0849FF5D-A537-45C9-9647-77A3A701C34E}
	EndGlobalSection
EndGlobal
