
Microsoft Visual Studio Solution File, Format Version 12.00
# Visual Studio Version 16
VisualStudioVersion = 16.0.33927.289
MinimumVisualStudioVersion = 10.0.40219.1
Project("{FAE04EC0-301F-11D3-BF4B-00C04F79EFBC}") = "ADO_frame", "ADO_frame\ADO_frame.csproj", "{31560CA5-D8F5-47D9-B163-DD1117B89DA5}"
EndProject
Global
	GlobalSection(SolutionConfigurationPlatforms) = preSolution
		Debug|Any CPU = Debug|Any CPU
		Release|Any CPU = Release|Any CPU
	EndGlobalSection
	GlobalSection(ProjectConfigurationPlatforms) = postSolution
		{31560CA5-D8F5-47D9-B163-DD1117B89DA5}.Debug|Any CPU.ActiveCfg = Debug|Any CPU
		{31560CA5-D8F5-47D9-B163-DD1117B89DA5}.Debug|Any CPU.Build.0 = Debug|Any CPU
		{31560CA5-D8F5-47D9-B163-DD1117B89DA5}.Release|Any CPU.ActiveCfg = Release|Any CPU
		{31560CA5-D8F5-47D9-B163-DD1117B89DA5}.Release|Any CPU.Build.0 = Release|Any CPU
	EndGlobalSection
	GlobalSection(SolutionProperties) = preSolution
		HideSolutionNode = FALSE
	EndGlobalSection
	GlobalSection(ExtensibilityGlobals) = postSolution
		SolutionGuid = {20F93B13-1D7D-4F4F-8349-9B88DF165EE5}
	EndGlobalSection
EndGlobal
