
Microsoft Visual Studio Solution File, Format Version 12.00
# Visual Studio Version 16
VisualStudioVersion = 16.0.33927.289
MinimumVisualStudioVersion = 10.0.40219.1
Project("{FAE04EC0-301F-11D3-BF4B-00C04F79EFBC}") = "casestudy2", "casestudy2\casestudy2.csproj", "{24A5BF0A-F72D-41CC-96D3-8B6AF83ABD55}"
EndProject
Global
	GlobalSection(SolutionConfigurationPlatforms) = preSolution
		Debug|Any CPU = Debug|Any CPU
		Release|Any CPU = Release|Any CPU
	EndGlobalSection
	GlobalSection(ProjectConfigurationPlatforms) = postSolution
		{24A5BF0A-F72D-41CC-96D3-8B6AF83ABD55}.Debug|Any CPU.ActiveCfg = Debug|Any CPU
		{24A5BF0A-F72D-41CC-96D3-8B6AF83ABD55}.Debug|Any CPU.Build.0 = Debug|Any CPU
		{24A5BF0A-F72D-41CC-96D3-8B6AF83ABD55}.Release|Any CPU.ActiveCfg = Release|Any CPU
		{24A5BF0A-F72D-41CC-96D3-8B6AF83ABD55}.Release|Any CPU.Build.0 = Release|Any CPU
	EndGlobalSection
	GlobalSection(SolutionProperties) = preSolution
		HideSolutionNode = FALSE
	EndGlobalSection
	GlobalSection(ExtensibilityGlobals) = postSolution
		SolutionGuid = {145884DF-1544-4960-9078-3D62F4D3DD6A}
	EndGlobalSection
EndGlobal
