
Microsoft Visual Studio Solution File, Format Version 12.00
# Visual Studio Version 16
VisualStudioVersion = 16.0.33927.289
MinimumVisualStudioVersion = 10.0.40219.1
Project("{FAE04EC0-301F-11D3-BF4B-00C04F79EFBC}") = "caseStudy1", "caseStudy1\caseStudy1.csproj", "{8167991E-5C73-49AB-AF33-F038C67909FF}"
EndProject
Project("{FAE04EC0-301F-11D3-BF4B-00C04F79EFBC}") = "caseStudy2", "..\caseStudy2\caseStudy2.csproj", "{D487DEB9-4B9D-460B-8A40-E1367215D37E}"
EndProject
Global
	GlobalSection(SolutionConfigurationPlatforms) = preSolution
		Debug|Any CPU = Debug|Any CPU
		Release|Any CPU = Release|Any CPU
	EndGlobalSection
	GlobalSection(ProjectConfigurationPlatforms) = postSolution
		{8167991E-5C73-49AB-AF33-F038C67909FF}.Debug|Any CPU.ActiveCfg = Debug|Any CPU
		{8167991E-5C73-49AB-AF33-F038C67909FF}.Debug|Any CPU.Build.0 = Debug|Any CPU
		{8167991E-5C73-49AB-AF33-F038C67909FF}.Release|Any CPU.ActiveCfg = Release|Any CPU
		{8167991E-5C73-49AB-AF33-F038C67909FF}.Release|Any CPU.Build.0 = Release|Any CPU
		{D487DEB9-4B9D-460B-8A40-E1367215D37E}.Debug|Any CPU.ActiveCfg = Debug|Any CPU
		{D487DEB9-4B9D-460B-8A40-E1367215D37E}.Debug|Any CPU.Build.0 = Debug|Any CPU
		{D487DEB9-4B9D-460B-8A40-E1367215D37E}.Release|Any CPU.ActiveCfg = Release|Any CPU
		{D487DEB9-4B9D-460B-8A40-E1367215D37E}.Release|Any CPU.Build.0 = Release|Any CPU
	EndGlobalSection
	GlobalSection(SolutionProperties) = preSolution
		HideSolutionNode = FALSE
	EndGlobalSection
	GlobalSection(ExtensibilityGlobals) = postSolution
		SolutionGuid = {0FE810FB-749D-4F3F-A308-CF7810EF0BC8}
	EndGlobalSection
EndGlobal
