
Microsoft Visual Studio Solution File, Format Version 12.00
# Visual Studio Version 16
VisualStudioVersion = 16.0.33927.289
MinimumVisualStudioVersion = 10.0.40219.1
Project("{FAE04EC0-301F-11D3-BF4B-00C04F79EFBC}") = "singletonpattern", "singletonpattern\singletonpattern.csproj", "{89EBD40B-3EF4-4D2D-B40D-915AB427CEFF}"
EndProject
Global
	GlobalSection(SolutionConfigurationPlatforms) = preSolution
		Debug|Any CPU = Debug|Any CPU
		Release|Any CPU = Release|Any CPU
	EndGlobalSection
	GlobalSection(ProjectConfigurationPlatforms) = postSolution
		{89EBD40B-3EF4-4D2D-B40D-915AB427CEFF}.Debug|Any CPU.ActiveCfg = Debug|Any CPU
		{89EBD40B-3EF4-4D2D-B40D-915AB427CEFF}.Debug|Any CPU.Build.0 = Debug|Any CPU
		{89EBD40B-3EF4-4D2D-B40D-915AB427CEFF}.Release|Any CPU.ActiveCfg = Release|Any CPU
		{89EBD40B-3EF4-4D2D-B40D-915AB427CEFF}.Release|Any CPU.Build.0 = Release|Any CPU
	EndGlobalSection
	GlobalSection(SolutionProperties) = preSolution
		HideSolutionNode = FALSE
	EndGlobalSection
	GlobalSection(ExtensibilityGlobals) = postSolution
		SolutionGuid = {028E3D6D-D68C-488F-A21E-27943C287BEC}
	EndGlobalSection
EndGlobal
