
Microsoft Visual Studio Solution File, Format Version 12.00
# Visual Studio Version 16
VisualStudioVersion = 16.0.33927.289
MinimumVisualStudioVersion = 10.0.40219.1
Project("{FAE04EC0-301F-11D3-BF4B-00C04F79EFBC}") = "CaseStudy", "CaseStudy\CaseStudy.csproj", "{03274509-3C9A-4D59-9233-1F77EA91549C}"
EndProject
Global
	GlobalSection(SolutionConfigurationPlatforms) = preSolution
		Debug|Any CPU = Debug|Any CPU
		Release|Any CPU = Release|Any CPU
	EndGlobalSection
	GlobalSection(ProjectConfigurationPlatforms) = postSolution
		{03274509-3C9A-4D59-9233-1F77EA91549C}.Debug|Any CPU.ActiveCfg = Debug|Any CPU
		{03274509-3C9A-4D59-9233-1F77EA91549C}.Debug|Any CPU.Build.0 = Debug|Any CPU
		{03274509-3C9A-4D59-9233-1F77EA91549C}.Release|Any CPU.ActiveCfg = Release|Any CPU
		{03274509-3C9A-4D59-9233-1F77EA91549C}.Release|Any CPU.Build.0 = Release|Any CPU
	EndGlobalSection
	GlobalSection(SolutionProperties) = preSolution
		HideSolutionNode = FALSE
	EndGlobalSection
	GlobalSection(ExtensibilityGlobals) = postSolution
		SolutionGuid = {271C8C91-47C1-4C91-AE95-B3C786BB09D7}
	EndGlobalSection
EndGlobal
