
Microsoft Visual Studio Solution File, Format Version 12.00
# Visual Studio Version 16
VisualStudioVersion = 16.0.33927.289
MinimumVisualStudioVersion = 10.0.40219.1
Project("{FAE04EC0-301F-11D3-BF4B-00C04F79EFBC}") = "Assignment_linq", "Assignment_linq\Assignment_linq.csproj", "{BE978F74-2D5D-4BB8-91A3-90CC00B653F9}"
EndProject
Global
	GlobalSection(SolutionConfigurationPlatforms) = preSolution
		Debug|Any CPU = Debug|Any CPU
		Release|Any CPU = Release|Any CPU
	EndGlobalSection
	GlobalSection(ProjectConfigurationPlatforms) = postSolution
		{BE978F74-2D5D-4BB8-91A3-90CC00B653F9}.Debug|Any CPU.ActiveCfg = Debug|Any CPU
		{BE978F74-2D5D-4BB8-91A3-90CC00B653F9}.Debug|Any CPU.Build.0 = Debug|Any CPU
		{BE978F74-2D5D-4BB8-91A3-90CC00B653F9}.Release|Any CPU.ActiveCfg = Release|Any CPU
		{BE978F74-2D5D-4BB8-91A3-90CC00B653F9}.Release|Any CPU.Build.0 = Release|Any CPU
	EndGlobalSection
	GlobalSection(SolutionProperties) = preSolution
		HideSolutionNode = FALSE
	EndGlobalSection
	GlobalSection(ExtensibilityGlobals) = postSolution
		SolutionGuid = {EC909772-62F8-4D90-92DF-6A3C91D3CF83}
	EndGlobalSection
EndGlobal
