
Microsoft Visual Studio Solution File, Format Version 12.00
# Visual Studio Version 16
VisualStudioVersion = 16.0.33927.289
MinimumVisualStudioVersion = 10.0.40219.1
Project("{FAE04EC0-301F-11D3-BF4B-00C04F79EFBC}") = "Day1_Training", "Day1_Training\Day1_Training.csproj", "{853B8B20-A71C-485D-953C-CF562601F13C}"
EndProject
Project("{FAE04EC0-301F-11D3-BF4B-00C04F79EFBC}") = "MyDll", "MyDll\MyDll.csproj", "{BD2D9DAC-2574-40D3-A6AB-499656628497}"
EndProject
Global
	GlobalSection(SolutionConfigurationPlatforms) = preSolution
		Debug|Any CPU = Debug|Any CPU
		Release|Any CPU = Release|Any CPU
	EndGlobalSection
	GlobalSection(ProjectConfigurationPlatforms) = postSolution
		{853B8B20-A71C-485D-953C-CF562601F13C}.Debug|Any CPU.ActiveCfg = Debug|Any CPU
		{853B8B20-A71C-485D-953C-CF562601F13C}.Debug|Any CPU.Build.0 = Debug|Any CPU
		{853B8B20-A71C-485D-953C-CF562601F13C}.Release|Any CPU.ActiveCfg = Release|Any CPU
		{853B8B20-A71C-485D-953C-CF562601F13C}.Release|Any CPU.Build.0 = Release|Any CPU
		{BD2D9DAC-2574-40D3-A6AB-499656628497}.Debug|Any CPU.ActiveCfg = Debug|Any CPU
		{BD2D9DAC-2574-40D3-A6AB-499656628497}.Debug|Any CPU.Build.0 = Debug|Any CPU
		{BD2D9DAC-2574-40D3-A6AB-499656628497}.Release|Any CPU.ActiveCfg = Release|Any CPU
		{BD2D9DAC-2574-40D3-A6AB-499656628497}.Release|Any CPU.Build.0 = Release|Any CPU
	EndGlobalSection
	GlobalSection(SolutionProperties) = preSolution
		HideSolutionNode = FALSE
	EndGlobalSection
	GlobalSection(ExtensibilityGlobals) = postSolution
		SolutionGuid = {B04CA711-5C98-4860-B6A6-E193E8C393D7}
	EndGlobalSection
EndGlobal
